{
  "name": "mbcore-gametest",
  "version": "1.2.3",
  "lockfileVersion": 2,
  "requires": true,
  "packages": {
    "": {
      "name": "mbcore-gametest",
      "version": "1.2.3",
      "license": "MIT",
      "dependencies": {
        "@types/mojang-minecraft": "^0.1.2"
      }
    },
    "node_modules/@types/mojang-minecraft": {
      "version": "0.1.2",
      "resolved": "https://registry.npmjs.org/@types/mojang-minecraft/-/mojang-minecraft-0.1.2.tgz",
      "integrity": "sha512-zY9mojpYSV/+OHdenMwO6doIOMj2YAh5lBPSmOVNuF4AcEKFt0Ncv/KSJ5G3HNXARmZ2uJIzy/MLaB8WnjcxhQ=="
    }
  },
  "dependencies": {
    "@types/mojang-minecraft": {
      "version": "0.1.2",
      "resolved": "https://registry.npmjs.org/@types/mojang-minecraft/-/mojang-minecraft-0.1.2.tgz",
      "integrity": "sha512-zY9mojpYSV/+OHdenMwO6doIOMj2YAh5lBPSmOVNuF4AcEKFt0Ncv/KSJ5G3HNXARmZ2uJIzy/MLaB8WnjcxhQ=="
    }
  }
}
