{
  "requires": true,
  "lockfileVersion": 1,
  "dependencies": {
    "@types/mojang-gametest": {
      "version": "0.1.0",
      "resolved": "https://registry.npmjs.org/@types/mojang-gametest/-/mojang-gametest-0.1.0.tgz",
      "integrity": "sha512-lyl58naImOv6gLZYaju6hurim5ZR4re3FZYBd87zn4nPU+gYQlDuVV89X3BHApe9e+YGfG3ubh+wI9h6FiRhOQ==",
      "requires": {
        "@types/mojang-minecraft": "*"
      }
    },
    "@types/mojang-minecraft": {
      "version": "0.1.0",
      "resolved": "https://registry.npmjs.org/@types/mojang-minecraft/-/mojang-minecraft-0.1.0.tgz",
      "integrity": "sha512-BlrpwZcXXx7F1/7UB7gz6pBdjGatsaP2RiOBse+40nhnR4t+TkdZynHXsv2xGvLIzeC9N0HEDwHNPnx+0DhQ2w=="
    }
  }
}
